
Microsoft Visual Studio Solution File, Format Version 12.00
Project("{FAE04EC0-301F-11D3-BF4B-00C04F79EFBC}") = "SpotifyBot.Host", "Master\SpotifyBot.Host\SpotifyBot.Host.csproj", "{D99B1CA1-A103-4B94-8677-042362562005}"
EndProject
Project("{FAE04EC0-301F-11D3-BF4B-00C04F79EFBC}") = "SpotifyBot.SpotifyWebInteraction", "Worker\SpotifyBot.SpotifyWebInteraction\SpotifyBot.SpotifyWebInteraction.csproj", "{B911366A-5024-4B82-96FE-C9C5CB1B5E0B}"
EndProject
Project("{FAE04EC0-301F-11D3-BF4B-00C04F79EFBC}") = "SpotifyBot.PuppeteerPrelude", "Worker\SpotifyBot.PuppeteerPrelude\SpotifyBot.PuppeteerPrelude.csproj", "{B8E9570E-F219-408A-859B-D59BAA51689D}"
EndProject
Project("{FAE04EC0-301F-11D3-BF4B-00C04F79EFBC}") = "SpotifyBot.Persistence", "Master\SpotifyBot.Persistence\SpotifyBot.Persistence.csproj", "{8BEDE5A4-7889-4223-A246-168B9FE5C8A2}"
EndProject
Project("{2150E333-8FDC-42A3-9474-1A3956D46DE8}") = "Worker", "Worker", "{20BD7150-A389-4804-8C08-6189D85558B2}"
EndProject
Project("{2150E333-8FDC-42A3-9474-1A3956D46DE8}") = "Master", "Master", "{5C830A33-D9EA-43F6-A825-D62CF8F24BC9}"
EndProject
Project("{FAE04EC0-301F-11D3-BF4B-00C04F79EFBC}") = "SpotifyBot.WorkerHost", "Worker\SpotifyBot.WorkerHost\SpotifyBot.WorkerHost.csproj", "{B09B54E3-9C41-4DB2-A9BE-8CB970BC828F}"
EndProject
Project("{FAE04EC0-301F-11D3-BF4B-00C04F79EFBC}") = "SpotifyBot.WorkerServiceLayer", "Worker\SpotifyBot.WorkerServiceLayer\SpotifyBot.WorkerServiceLayer.csproj", "{F153092F-092E-4B9B-BE95-38941DB000F8}"
EndProject
Project("{FAE04EC0-301F-11D3-BF4B-00C04F79EFBC}") = "SpotifyBot.Playground", "Worker\SpotifyBot.Playground\SpotifyBot.Playground.csproj", "{9E8CB3DD-1086-4CBE-A587-3AF3262CAA4A}"
EndProject
Project("{FAE04EC0-301F-11D3-BF4B-00C04F79EFBC}") = "SpotifyBot.WorkerApiModel", "Worker\SpotifyBot.WorkerApiModel\SpotifyBot.WorkerApiModel.csproj", "{FB1CF4DC-E32E-434C-BAA7-8A50CD784054}"
EndProject
Project("{2150E333-8FDC-42A3-9474-1A3956D46DE8}") = "Utils", "Utils", "{A664AD08-37D5-4E7E-9EB6-F651E1F16F35}"
EndProject
Project("{FAE04EC0-301F-11D3-BF4B-00C04F79EFBC}") = "SpotifyBot.Wx", "Utils\SpotifyBot.Wx\SpotifyBot.Wx.csproj", "{DC8D7AFF-249D-4223-8274-E78CB112426D}"
EndProject
Project("{FAE04EC0-301F-11D3-BF4B-00C04F79EFBC}") = "SpotifyBot.Random", "Utils\SpotifyBot.Random\SpotifyBot.Random.csproj", "{9E7EE2F7-96F7-49F7-9613-A58C48D161EA}"
EndProject
Global
	GlobalSection(SolutionConfigurationPlatforms) = preSolution
		Debug|Any CPU = Debug|Any CPU
		Release|Any CPU = Release|Any CPU
	EndGlobalSection
	GlobalSection(ProjectConfigurationPlatforms) = postSolution
		{D99B1CA1-A103-4B94-8677-042362562005}.Debug|Any CPU.ActiveCfg = Debug|Any CPU
		{D99B1CA1-A103-4B94-8677-042362562005}.Debug|Any CPU.Build.0 = Debug|Any CPU
		{D99B1CA1-A103-4B94-8677-042362562005}.Release|Any CPU.ActiveCfg = Release|Any CPU
		{D99B1CA1-A103-4B94-8677-042362562005}.Release|Any CPU.Build.0 = Release|Any CPU
		{B911366A-5024-4B82-96FE-C9C5CB1B5E0B}.Debug|Any CPU.ActiveCfg = Debug|Any CPU
		{B911366A-5024-4B82-96FE-C9C5CB1B5E0B}.Debug|Any CPU.Build.0 = Debug|Any CPU
		{B911366A-5024-4B82-96FE-C9C5CB1B5E0B}.Release|Any CPU.ActiveCfg = Release|Any CPU
		{B911366A-5024-4B82-96FE-C9C5CB1B5E0B}.Release|Any CPU.Build.0 = Release|Any CPU
		{B8E9570E-F219-408A-859B-D59BAA51689D}.Debug|Any CPU.ActiveCfg = Debug|Any CPU
		{B8E9570E-F219-408A-859B-D59BAA51689D}.Debug|Any CPU.Build.0 = Debug|Any CPU
		{B8E9570E-F219-408A-859B-D59BAA51689D}.Release|Any CPU.ActiveCfg = Release|Any CPU
		{B8E9570E-F219-408A-859B-D59BAA51689D}.Release|Any CPU.Build.0 = Release|Any CPU
		{8BEDE5A4-7889-4223-A246-168B9FE5C8A2}.Debug|Any CPU.ActiveCfg = Debug|Any CPU
		{8BEDE5A4-7889-4223-A246-168B9FE5C8A2}.Debug|Any CPU.Build.0 = Debug|Any CPU
		{8BEDE5A4-7889-4223-A246-168B9FE5C8A2}.Release|Any CPU.ActiveCfg = Release|Any CPU
		{8BEDE5A4-7889-4223-A246-168B9FE5C8A2}.Release|Any CPU.Build.0 = Release|Any CPU
		{B09B54E3-9C41-4DB2-A9BE-8CB970BC828F}.Debug|Any CPU.ActiveCfg = Debug|Any CPU
		{B09B54E3-9C41-4DB2-A9BE-8CB970BC828F}.Debug|Any CPU.Build.0 = Debug|Any CPU
		{B09B54E3-9C41-4DB2-A9BE-8CB970BC828F}.Release|Any CPU.ActiveCfg = Release|Any CPU
		{B09B54E3-9C41-4DB2-A9BE-8CB970BC828F}.Release|Any CPU.Build.0 = Release|Any CPU
		{F153092F-092E-4B9B-BE95-38941DB000F8}.Debug|Any CPU.ActiveCfg = Debug|Any CPU
		{F153092F-092E-4B9B-BE95-38941DB000F8}.Debug|Any CPU.Build.0 = Debug|Any CPU
		{F153092F-092E-4B9B-BE95-38941DB000F8}.Release|Any CPU.ActiveCfg = Release|Any CPU
		{F153092F-092E-4B9B-BE95-38941DB000F8}.Release|Any CPU.Build.0 = Release|Any CPU
		{9E8CB3DD-1086-4CBE-A587-3AF3262CAA4A}.Debug|Any CPU.ActiveCfg = Debug|Any CPU
		{9E8CB3DD-1086-4CBE-A587-3AF3262CAA4A}.Debug|Any CPU.Build.0 = Debug|Any CPU
		{9E8CB3DD-1086-4CBE-A587-3AF3262CAA4A}.Release|Any CPU.ActiveCfg = Release|Any CPU
		{9E8CB3DD-1086-4CBE-A587-3AF3262CAA4A}.Release|Any CPU.Build.0 = Release|Any CPU
		{FB1CF4DC-E32E-434C-BAA7-8A50CD784054}.Debug|Any CPU.ActiveCfg = Debug|Any CPU
		{FB1CF4DC-E32E-434C-BAA7-8A50CD784054}.Debug|Any CPU.Build.0 = Debug|Any CPU
		{FB1CF4DC-E32E-434C-BAA7-8A50CD784054}.Release|Any CPU.ActiveCfg = Release|Any CPU
		{FB1CF4DC-E32E-434C-BAA7-8A50CD784054}.Release|Any CPU.Build.0 = Release|Any CPU
		{DC8D7AFF-249D-4223-8274-E78CB112426D}.Debug|Any CPU.ActiveCfg = Debug|Any CPU
		{DC8D7AFF-249D-4223-8274-E78CB112426D}.Debug|Any CPU.Build.0 = Debug|Any CPU
		{DC8D7AFF-249D-4223-8274-E78CB112426D}.Release|Any CPU.ActiveCfg = Release|Any CPU
		{DC8D7AFF-249D-4223-8274-E78CB112426D}.Release|Any CPU.Build.0 = Release|Any CPU
		{9E7EE2F7-96F7-49F7-9613-A58C48D161EA}.Debug|Any CPU.ActiveCfg = Debug|Any CPU
		{9E7EE2F7-96F7-49F7-9613-A58C48D161EA}.Debug|Any CPU.Build.0 = Debug|Any CPU
		{9E7EE2F7-96F7-49F7-9613-A58C48D161EA}.Release|Any CPU.ActiveCfg = Release|Any CPU
		{9E7EE2F7-96F7-49F7-9613-A58C48D161EA}.Release|Any CPU.Build.0 = Release|Any CPU
	EndGlobalSection
	GlobalSection(NestedProjects) = preSolution
		{B8E9570E-F219-408A-859B-D59BAA51689D} = {20BD7150-A389-4804-8C08-6189D85558B2}
		{B911366A-5024-4B82-96FE-C9C5CB1B5E0B} = {20BD7150-A389-4804-8C08-6189D85558B2}
		{D99B1CA1-A103-4B94-8677-042362562005} = {5C830A33-D9EA-43F6-A825-D62CF8F24BC9}
		{8BEDE5A4-7889-4223-A246-168B9FE5C8A2} = {5C830A33-D9EA-43F6-A825-D62CF8F24BC9}
		{B09B54E3-9C41-4DB2-A9BE-8CB970BC828F} = {20BD7150-A389-4804-8C08-6189D85558B2}
		{F153092F-092E-4B9B-BE95-38941DB000F8} = {20BD7150-A389-4804-8C08-6189D85558B2}
		{9E8CB3DD-1086-4CBE-A587-3AF3262CAA4A} = {20BD7150-A389-4804-8C08-6189D85558B2}
		{FB1CF4DC-E32E-434C-BAA7-8A50CD784054} = {20BD7150-A389-4804-8C08-6189D85558B2}
		{DC8D7AFF-249D-4223-8274-E78CB112426D} = {A664AD08-37D5-4E7E-9EB6-F651E1F16F35}
		{9E7EE2F7-96F7-49F7-9613-A58C48D161EA} = {A664AD08-37D5-4E7E-9EB6-F651E1F16F35}
	EndGlobalSection
EndGlobal
